// !$*UTF8*$!
{
	archiveVersion = 1;
	classes = {
	};
	objectVersion = 77;
	objects = {

/* Begin PBXBuildFile section */
		A10000100000000000000001 /* XCTest.framework in Frameworks */ = {isa = PBXBuildFile; fileRef = A10000110000000000000001 /* XCTest.framework */; };
		CDD01BF330084A3800850940 /* WidgetKit.framework in Frameworks */ = {isa = PBXBuildFile; fileRef = CDD01BF230084A3700850940 /* WidgetKit.framework */; };
		CDD01BF530084A3800850940 /* SwiftUI.framework in Frameworks */ = {isa = PBXBuildFile; fileRef = CDD01BF430084A3800850940 /* SwiftUI.framework */; };
		CDD01C0430084A3900850940 /* IELTSGlanceWidgetExtension.appex in Embed Foundation Extensions */ = {isa = PBXBuildFile; fileRef = CDD01BF030084A3700850940 /* IELTSGlanceWidgetExtension.appex */; settings = {ATTRIBUTES = (RemoveHeadersOnCopy, ); }; };
/* End PBXBuildFile section */

/* Begin PBXContainerItemProxy section */
		A10000120000000000000001 /* PBXContainerItemProxy */ = {
			isa = PBXContainerItemProxy;
			containerPortal = CDD01BD63008495400850940 /* Project object */;
			proxyType = 1;
			remoteGlobalIDString = CDD01BDD3008495400850940;
			remoteInfo = IELTSGlance;
		};
		CDD01C0230084A3900850940 /* PBXContainerItemProxy */ = {
			isa = PBXContainerItemProxy;
			containerPortal = CDD01BD63008495400850940 /* Project object */;
			proxyType = 1;
			remoteGlobalIDString = CDD01BEF30084A3700850940;
			remoteInfo = IELTSGlanceWidgetExtension;
		};
/* End PBXContainerItemProxy section */

/* Begin PBXCopyFilesBuildPhase section */
		CDD01C0930084A3900850940 /* Embed Foundation Extensions */ = {
			isa = PBXCopyFilesBuildPhase;
			buildActionMask = 2147483647;
			dstPath = "";
			dstSubfolderSpec = 13;
			files = (
				CDD01C0430084A3900850940 /* IELTSGlanceWidgetExtension.appex in Embed Foundation Extensions */,
			);
			name = "Embed Foundation Extensions";
			runOnlyForDeploymentPostprocessing = 0;
		};
/* End PBXCopyFilesBuildPhase section */

/* Begin PBXFileReference section */
		A10000130000000000000001 /* IELTSGlanceTests.xctest */ = {isa = PBXFileReference; explicitFileType = wrapper.cfbundle; includeInIndex = 0; path = IELTSGlanceTests.xctest; sourceTree = BUILT_PRODUCTS_DIR; };
		A10000110000000000000001 /* XCTest.framework */ = {isa = PBXFileReference; lastKnownFileType = wrapper.framework; name = XCTest.framework; path = System/Library/Frameworks/XCTest.framework; sourceTree = SDKROOT; };
		CDD01BDE3008495400850940 /* IELTSGlance.app */ = {isa = PBXFileReference; explicitFileType = wrapper.application; includeInIndex = 0; path = IELTSGlance.app; sourceTree = BUILT_PRODUCTS_DIR; };
		CDD01BF030084A3700850940 /* IELTSGlanceWidgetExtension.appex */ = {isa = PBXFileReference; explicitFileType = "wrapper.app-extension"; includeInIndex = 0; path = IELTSGlanceWidgetExtension.appex; sourceTree = BUILT_PRODUCTS_DIR; };
		CDD01BF230084A3700850940 /* WidgetKit.framework */ = {isa = PBXFileReference; lastKnownFileType = wrapper.framework; name = WidgetKit.framework; path = System/Library/Frameworks/WidgetKit.framework; sourceTree = SDKROOT; };
		CDD01BF430084A3800850940 /* SwiftUI.framework */ = {isa = PBXFileReference; lastKnownFileType = wrapper.framework; name = SwiftUI.framework; path = System/Library/Frameworks/SwiftUI.framework; sourceTree = SDKROOT; };
/* End PBXFileReference section */

/* Begin PBXFileSystemSynchronizedBuildFileExceptionSet section */
		CDD01C0530084A3900850940 /* Exceptions for "IELTSGlanceWidget" folder in "IELTSGlanceWidgetExtension" target */ = {
			isa = PBXFileSystemSynchronizedBuildFileExceptionSet;
			membershipExceptions = (
				Info.plist,
			);
			target = CDD01BEF30084A3700850940 /* IELTSGlanceWidgetExtension */;
		};
/* End PBXFileSystemSynchronizedBuildFileExceptionSet section */

/* Begin PBXFileSystemSynchronizedRootGroup section */
		A10000140000000000000001 /* IELTSGlanceTests */ = {
			isa = PBXFileSystemSynchronizedRootGroup;
			path = IELTSGlanceTests;
			sourceTree = "<group>";
		};
		CDD01BE03008495400850940 /* IELTSGlance */ = {
			isa = PBXFileSystemSynchronizedRootGroup;
			path = IELTSGlance;
			sourceTree = "<group>";
		};
		CDD01BF630084A3800850940 /* IELTSGlanceWidget */ = {
			isa = PBXFileSystemSynchronizedRootGroup;
			exceptions = (
				CDD01C0530084A3900850940 /* Exceptions for "IELTSGlanceWidget" folder in "IELTSGlanceWidgetExtension" target */,
			);
			path = IELTSGlanceWidget;
			sourceTree = "<group>";
		};
		CDA100013008700000850940 /* Shared */ = {
			isa = PBXFileSystemSynchronizedRootGroup;
			path = Shared;
			sourceTree = "<group>";
		};
/* End PBXFileSystemSynchronizedRootGroup section */

/* Begin PBXFrameworksBuildPhase section */
		A10000150000000000000001 /* Frameworks */ = {
			isa = PBXFrameworksBuildPhase;
			buildActionMask = 2147483647;
			files = (
				A10000100000000000000001 /* XCTest.framework in Frameworks */,
			);
			runOnlyForDeploymentPostprocessing = 0;
		};
		CDD01BDB3008495400850940 /* Frameworks */ = {
			isa = PBXFrameworksBuildPhase;
			buildActionMask = 2147483647;
			files = (
			);
			runOnlyForDeploymentPostprocessing = 0;
		};
		CDD01BED30084A3700850940 /* Frameworks */ = {
			isa = PBXFrameworksBuildPhase;
			buildActionMask = 2147483647;
			files = (
				CDD01BF530084A3800850940 /* SwiftUI.framework in Frameworks */,
				CDD01BF330084A3800850940 /* WidgetKit.framework in Frameworks */,
			);
			runOnlyForDeploymentPostprocessing = 0;
		};
/* End PBXFrameworksBuildPhase section */

/* Begin PBXGroup section */
		CDD01BD53008495400850940 = {
			isa = PBXGroup;
			children = (
				CDD01BE03008495400850940 /* IELTSGlance */,
				CDD01BF630084A3800850940 /* IELTSGlanceWidget */,
				CDA100013008700000850940 /* Shared */,
				A10000140000000000000001 /* IELTSGlanceTests */,
				CDD01BF130084A3700850940 /* Frameworks */,
				CDD01BDF3008495400850940 /* Products */,
			);
			sourceTree = "<group>";
		};
		CDD01BDF3008495400850940 /* Products */ = {
			isa = PBXGroup;
			children = (
				CDD01BDE3008495400850940 /* IELTSGlance.app */,
				CDD01BF030084A3700850940 /* IELTSGlanceWidgetExtension.appex */,
				A10000130000000000000001 /* IELTSGlanceTests.xctest */,
			);
			name = Products;
			sourceTree = "<group>";
		};
		CDD01BF130084A3700850940 /* Frameworks */ = {
			isa = PBXGroup;
			children = (
				A10000110000000000000001 /* XCTest.framework */,
				CDD01BF230084A3700850940 /* WidgetKit.framework */,
				CDD01BF430084A3800850940 /* SwiftUI.framework */,
			);
			name = Frameworks;
			sourceTree = "<group>";
		};
/* End PBXGroup section */

/* Begin PBXNativeTarget section */
		A10000160000000000000001 /* IELTSGlanceTests */ = {
			isa = PBXNativeTarget;
			buildConfigurationList = A10000170000000000000001 /* Build configuration list for PBXNativeTarget "IELTSGlanceTests" */;
			buildPhases = (
				A10000180000000000000001 /* Sources */,
				A10000150000000000000001 /* Frameworks */,
				A10000190000000000000001 /* Resources */,
			);
			buildRules = (
			);
			dependencies = (
				A100001A0000000000000001 /* PBXTargetDependency */,
			);
			fileSystemSynchronizedGroups = (
				A10000140000000000000001 /* IELTSGlanceTests */,
			);
			name = IELTSGlanceTests;
			packageProductDependencies = (
			);
			productName = IELTSGlanceTests;
			productReference = A10000130000000000000001 /* IELTSGlanceTests.xctest */;
			productType = "com.apple.product-type.bundle.unit-test";
		};
		CDD01BDD3008495400850940 /* IELTSGlance */ = {
			isa = PBXNativeTarget;
			buildConfigurationList = CDD01BE93008495600850940 /* Build configuration list for PBXNativeTarget "IELTSGlance" */;
			buildPhases = (
				CDD01BDA3008495400850940 /* Sources */,
				CDD01BDB3008495400850940 /* Frameworks */,
				CDD01BDC3008495400850940 /* Resources */,
				CDD01C0930084A3900850940 /* Embed Foundation Extensions */,
			);
			buildRules = (
			);
			dependencies = (
				CDD01C0330084A3900850940 /* PBXTargetDependency */,
			);
			fileSystemSynchronizedGroups = (
				CDD01BE03008495400850940 /* IELTSGlance */,
				CDA100013008700000850940 /* Shared */,
			);
			name = IELTSGlance;
			packageProductDependencies = (
			);
			productName = IELTSGlance;
			productReference = CDD01BDE3008495400850940 /* IELTSGlance.app */;
			productType = "com.apple.product-type.application";
		};
		CDD01BEF30084A3700850940 /* IELTSGlanceWidgetExtension */ = {
			isa = PBXNativeTarget;
			buildConfigurationList = CDD01C0630084A3900850940 /* Build configuration list for PBXNativeTarget "IELTSGlanceWidgetExtension" */;
			buildPhases = (
				CDD01BEC30084A3700850940 /* Sources */,
				CDD01BED30084A3700850940 /* Frameworks */,
				CDD01BEE30084A3700850940 /* Resources */,
			);
			buildRules = (
			);
			dependencies = (
			);
			fileSystemSynchronizedGroups = (
				CDD01BF630084A3800850940 /* IELTSGlanceWidget */,
				CDA100013008700000850940 /* Shared */,
			);
			name = IELTSGlanceWidgetExtension;
			packageProductDependencies = (
			);
			productName = IELTSGlanceWidgetExtension;
			productReference = CDD01BF030084A3700850940 /* IELTSGlanceWidgetExtension.appex */;
			productType = "com.apple.product-type.app-extension";
		};
/* End PBXNativeTarget section */

/* Begin PBXProject section */
		CDD01BD63008495400850940 /* Project object */ = {
			isa = PBXProject;
			attributes = {
				BuildIndependentTargetsInParallel = 1;
				LastSwiftUpdateCheck = 2620;
				LastUpgradeCheck = 2620;
			TargetAttributes = {
					A10000160000000000000001 = {
						CreatedOnToolsVersion = 26.2;
						TestTargetID = CDD01BDD3008495400850940;
					};
					CDD01BDD3008495400850940 = {
						CreatedOnToolsVersion = 26.2;
					};
					CDD01BEF30084A3700850940 = {
						CreatedOnToolsVersion = 26.2;
					};
				};
			};
			buildConfigurationList = CDD01BD93008495400850940 /* Build configuration list for PBXProject "IELTSGlance" */;
			developmentRegion = en;
			hasScannedForEncodings = 0;
			knownRegions = (
				en,
				Base,
			);
			mainGroup = CDD01BD53008495400850940;
			minimizedProjectReferenceProxies = 1;
			preferredProjectObjectVersion = 77;
			productRefGroup = CDD01BDF3008495400850940 /* Products */;
			projectDirPath = "";
			projectRoot = "";
			targets = (
				CDD01BDD3008495400850940 /* IELTSGlance */,
				CDD01BEF30084A3700850940 /* IELTSGlanceWidgetExtension */,
				A10000160000000000000001 /* IELTSGlanceTests */,
			);
		};
/* End PBXProject section */

/* Begin PBXResourcesBuildPhase section */
		A10000190000000000000001 /* Resources */ = {
			isa = PBXResourcesBuildPhase;
			buildActionMask = 2147483647;
			files = (
			);
			runOnlyForDeploymentPostprocessing = 0;
		};
		CDD01BDC3008495400850940 /* Resources */ = {
			isa = PBXResourcesBuildPhase;
			buildActionMask = 2147483647;
			files = (
			);
			runOnlyForDeploymentPostprocessing = 0;
		};
		CDD01BEE30084A3700850940 /* Resources */ = {
			isa = PBXResourcesBuildPhase;
			buildActionMask = 2147483647;
			files = (
			);
			runOnlyForDeploymentPostprocessing = 0;
		};
/* End PBXResourcesBuildPhase section */

/* Begin PBXSourcesBuildPhase section */
		A10000180000000000000001 /* Sources */ = {
			isa = PBXSourcesBuildPhase;
			buildActionMask = 2147483647;
			files = (
			);
			runOnlyForDeploymentPostprocessing = 0;
		};
		CDD01BDA3008495400850940 /* Sources */ = {
			isa = PBXSourcesBuildPhase;
			buildActionMask = 2147483647;
			files = (
			);
			runOnlyForDeploymentPostprocessing = 0;
		};
		CDD01BEC30084A3700850940 /* Sources */ = {
			isa = PBXSourcesBuildPhase;
			buildActionMask = 2147483647;
			files = (
			);
			runOnlyForDeploymentPostprocessing = 0;
		};
/* End PBXSourcesBuildPhase section */

/* Begin PBXTargetDependency section */
		A100001A0000000000000001 /* PBXTargetDependency */ = {
			isa = PBXTargetDependency;
			target = CDD01BDD3008495400850940 /* IELTSGlance */;
			targetProxy = A10000120000000000000001 /* PBXContainerItemProxy */;
		};
		CDD01C0330084A3900850940 /* PBXTargetDependency */ = {
			isa = PBXTargetDependency;
			target = CDD01BEF30084A3700850940 /* IELTSGlanceWidgetExtension */;
			targetProxy = CDD01C0230084A3900850940 /* PBXContainerItemProxy */;
		};
/* End PBXTargetDependency section */

/* Begin XCBuildConfiguration section */
		A100001B0000000000000001 /* Debug */ = {
			isa = XCBuildConfiguration;
			buildSettings = {
				BUNDLE_LOADER = "$(TEST_HOST)";
				CODE_SIGN_STYLE = Automatic;
				CURRENT_PROJECT_VERSION = 10;
				DEVELOPMENT_TEAM = 4K2JSG2D39;
				GENERATE_INFOPLIST_FILE = YES;
				MACOSX_DEPLOYMENT_TARGET = 26.2;
				MARKETING_VERSION = 2.0.2;
				PRODUCT_BUNDLE_IDENTIFIER = com.bingxuhou.GREGlanceTests;
				PRODUCT_NAME = "$(TARGET_NAME)";
				SWIFT_VERSION = 5.0;
				TEST_HOST = "$(BUILT_PRODUCTS_DIR)/IELTSGlance.app/Contents/MacOS/IELTSGlance";
			};
			name = Debug;
		};
		A100001C0000000000000001 /* Release */ = {
			isa = XCBuildConfiguration;
			buildSettings = {
				BUNDLE_LOADER = "$(TEST_HOST)";
				CODE_SIGN_STYLE = Automatic;
				CURRENT_PROJECT_VERSION = 10;
				DEVELOPMENT_TEAM = 4K2JSG2D39;
				GENERATE_INFOPLIST_FILE = YES;
				MACOSX_DEPLOYMENT_TARGET = 26.2;
				MARKETING_VERSION = 2.0.2;
				PRODUCT_BUNDLE_IDENTIFIER = com.bingxuhou.GREGlanceTests;
				PRODUCT_NAME = "$(TARGET_NAME)";
				SWIFT_VERSION = 5.0;
				TEST_HOST = "$(BUILT_PRODUCTS_DIR)/IELTSGlance.app/Contents/MacOS/IELTSGlance";
			};
			name = Release;
		};
		CDD01BE73008495600850940 /* Debug */ = {
			isa = XCBuildConfiguration;
			buildSettings = {
				ALWAYS_SEARCH_USER_PATHS = NO;
				ASSETCATALOG_COMPILER_GENERATE_SWIFT_ASSET_SYMBOL_EXTENSIONS = YES;
				CLANG_ANALYZER_NONNULL = YES;
				CLANG_ANALYZER_NUMBER_OBJECT_CONVERSION = YES_AGGRESSIVE;
				CLANG_CXX_LANGUAGE_STANDARD = "gnu++20";
				CLANG_ENABLE_MODULES = YES;
				CLANG_ENABLE_OBJC_ARC = YES;
				CLANG_ENABLE_OBJC_WEAK = YES;
				CLANG_WARN_BLOCK_CAPTURE_AUTORELEASING = YES;
				CLANG_WARN_BOOL_CONVERSION = YES;
				CLANG_WARN_COMMA = YES;
				CLANG_WARN_CONSTANT_CONVERSION = YES;
				CLANG_WARN_DEPRECATED_OBJC_IMPLEMENTATIONS = YES;
				CLANG_WARN_DIRECT_OBJC_ISA_USAGE = YES_ERROR;
				CLANG_WARN_DOCUMENTATION_COMMENTS = YES;
				CLANG_WARN_EMPTY_BODY = YES;
				CLANG_WARN_ENUM_CONVERSION = YES;
				CLANG_WARN_INFINITE_RECURSION = YES;
				CLANG_WARN_INT_CONVERSION = YES;
				CLANG_WARN_NON_LITERAL_NULL_CONVERSION = YES;
				CLANG_WARN_OBJC_IMPLICIT_RETAIN_SELF = YES;
				CLANG_WARN_OBJC_LITERAL_CONVERSION = YES;
				CLANG_WARN_OBJC_ROOT_CLASS = YES_ERROR;
				CLANG_WARN_QUOTED_INCLUDE_IN_FRAMEWORK_HEADER = YES;
				CLANG_WARN_RANGE_LOOP_ANALYSIS = YES;
				CLANG_WARN_STRICT_PROTOTYPES = YES;
				CLANG_WARN_SUSPICIOUS_MOVE = YES;
				CLANG_WARN_UNGUARDED_AVAILABILITY = YES_AGGRESSIVE;
				CLANG_WARN_UNREACHABLE_CODE = YES;
				CLANG_WARN__DUPLICATE_METHOD_MATCH = YES;
				COPY_PHASE_STRIP = NO;
				DEBUG_INFORMATION_FORMAT = dwarf;
				DEVELOPMENT_TEAM = 4K2JSG2D39;
				ENABLE_STRICT_OBJC_MSGSEND = YES;
				ENABLE_TESTABILITY = YES;
				ENABLE_USER_SCRIPT_SANDBOXING = YES;
				GCC_C_LANGUAGE_STANDARD = gnu17;
				GCC_DYNAMIC_NO_PIC = NO;
				GCC_NO_COMMON_BLOCKS = YES;
				GCC_OPTIMIZATION_LEVEL = 0;
				GCC_PREPROCESSOR_DEFINITIONS = (
					"DEBUG=1",
					"$(inherited)",
				);
				GCC_WARN_64_TO_32_BIT_CONVERSION = YES;
				GCC_WARN_ABOUT_RETURN_TYPE = YES_ERROR;
				GCC_WARN_UNDECLARED_SELECTOR = YES;
				GCC_WARN_UNINITIALIZED_AUTOS = YES_AGGRESSIVE;
				GCC_WARN_UNUSED_FUNCTION = YES;
				GCC_WARN_UNUSED_VARIABLE = YES;
				LOCALIZATION_PREFERS_STRING_CATALOGS = YES;
				MACOSX_DEPLOYMENT_TARGET = 26.2;
				MTL_ENABLE_DEBUG_INFO = INCLUDE_SOURCE;
				MTL_FAST_MATH = YES;
				ONLY_ACTIVE_ARCH = YES;
				SDKROOT = macosx;
				SWIFT_ACTIVE_COMPILATION_CONDITIONS = "DEBUG $(inherited)";
				SWIFT_OPTIMIZATION_LEVEL = "-Onone";
			};
			name = Debug;
		};
		CDD01BE83008495600850940 /* Release */ = {
			isa = XCBuildConfiguration;
			buildSettings = {
				ALWAYS_SEARCH_USER_PATHS = NO;
				ASSETCATALOG_COMPILER_GENERATE_SWIFT_ASSET_SYMBOL_EXTENSIONS = YES;
				CLANG_ANALYZER_NONNULL = YES;
				CLANG_ANALYZER_NUMBER_OBJECT_CONVERSION = YES_AGGRESSIVE;
				CLANG_CXX_LANGUAGE_STANDARD = "gnu++20";
				CLANG_ENABLE_MODULES = YES;
				CLANG_ENABLE_OBJC_ARC = YES;
				CLANG_ENABLE_OBJC_WEAK = YES;
				CLANG_WARN_BLOCK_CAPTURE_AUTORELEASING = YES;
				CLANG_WARN_BOOL_CONVERSION = YES;
				CLANG_WARN_COMMA = YES;
				CLANG_WARN_CONSTANT_CONVERSION = YES;
				CLANG_WARN_DEPRECATED_OBJC_IMPLEMENTATIONS = YES;
				CLANG_WARN_DIRECT_OBJC_ISA_USAGE = YES_ERROR;
				CLANG_WARN_DOCUMENTATION_COMMENTS = YES;
				CLANG_WARN_EMPTY_BODY = YES;
				CLANG_WARN_ENUM_CONVERSION = YES;
				CLANG_WARN_INFINITE_RECURSION = YES;
				CLANG_WARN_INT_CONVERSION = YES;
				CLANG_WARN_NON_LITERAL_NULL_CONVERSION = YES;
				CLANG_WARN_OBJC_IMPLICIT_RETAIN_SELF = YES;
				CLANG_WARN_OBJC_LITERAL_CONVERSION = YES;
				CLANG_WARN_OBJC_ROOT_CLASS = YES_ERROR;
				CLANG_WARN_QUOTED_INCLUDE_IN_FRAMEWORK_HEADER = YES;
				CLANG_WARN_RANGE_LOOP_ANALYSIS = YES;
				CLANG_WARN_STRICT_PROTOTYPES = YES;
				CLANG_WARN_SUSPICIOUS_MOVE = YES;
				CLANG_WARN_UNGUARDED_AVAILABILITY = YES_AGGRESSIVE;
				CLANG_WARN_UNREACHABLE_CODE = YES;
				CLANG_WARN__DUPLICATE_METHOD_MATCH = YES;
				COPY_PHASE_STRIP = NO;
				DEBUG_INFORMATION_FORMAT = "dwarf-with-dsym";
				DEVELOPMENT_TEAM = 4K2JSG2D39;
				ENABLE_NS_ASSERTIONS = NO;
				ENABLE_STRICT_OBJC_MSGSEND = YES;
				ENABLE_USER_SCRIPT_SANDBOXING = YES;
				GCC_C_LANGUAGE_STANDARD = gnu17;
				GCC_NO_COMMON_BLOCKS = YES;
				GCC_WARN_64_TO_32_BIT_CONVERSION = YES;
				GCC_WARN_ABOUT_RETURN_TYPE = YES_ERROR;
				GCC_WARN_UNDECLARED_SELECTOR = YES;
				GCC_WARN_UNINITIALIZED_AUTOS = YES_AGGRESSIVE;
				GCC_WARN_UNUSED_FUNCTION = YES;
				GCC_WARN_UNUSED_VARIABLE = YES;
				LOCALIZATION_PREFERS_STRING_CATALOGS = YES;
				MACOSX_DEPLOYMENT_TARGET = 26.2;
				MTL_ENABLE_DEBUG_INFO = NO;
				MTL_FAST_MATH = YES;
				SDKROOT = macosx;
				SWIFT_COMPILATION_MODE = wholemodule;
			};
			name = Release;
		};
		CDD01BEA3008495600850940 /* Debug */ = {
			isa = XCBuildConfiguration;
			buildSettings = {
				ASSETCATALOG_COMPILER_APPICON_NAME = AppIcon;
				ASSETCATALOG_COMPILER_GLOBAL_ACCENT_COLOR_NAME = AccentColor;
				CODE_SIGN_ENTITLEMENTS = IELTSGlance/IELTSGlance.entitlements;
				CODE_SIGN_STYLE = Automatic;
				COMBINE_HIDPI_IMAGES = YES;
				CURRENT_PROJECT_VERSION = 10;
				DEVELOPMENT_TEAM = 4K2JSG2D39;
				ENABLE_APP_SANDBOX = YES;
				ENABLE_HARDENED_RUNTIME = YES;
				ENABLE_PREVIEWS = YES;
				ENABLE_USER_SELECTED_FILES = readonly;
				GENERATE_INFOPLIST_FILE = YES;
				INFOPLIST_KEY_CFBundleDisplayName = "IELTS Glance";
				INFOPLIST_KEY_NSHumanReadableCopyright = "";
				LD_RUNPATH_SEARCH_PATHS = (
					"$(inherited)",
					"@executable_path/../Frameworks",
				);
				MARKETING_VERSION = 2.0.2;
				PRODUCT_BUNDLE_IDENTIFIER = com.bingxuhou.GREGlance;
				PRODUCT_NAME = "$(TARGET_NAME)";
				STRING_CATALOG_GENERATE_SYMBOLS = YES;
				SWIFT_APPROACHABLE_CONCURRENCY = YES;
				SWIFT_DEFAULT_ACTOR_ISOLATION = MainActor;
				SWIFT_EMIT_LOC_STRINGS = YES;
				SWIFT_UPCOMING_FEATURE_MEMBER_IMPORT_VISIBILITY = YES;
				SWIFT_VERSION = 5.0;
			};
			name = Debug;
		};
		CDD01BEB3008495600850940 /* Release */ = {
			isa = XCBuildConfiguration;
			buildSettings = {
				ASSETCATALOG_COMPILER_APPICON_NAME = AppIcon;
				ASSETCATALOG_COMPILER_GLOBAL_ACCENT_COLOR_NAME = AccentColor;
				CODE_SIGN_ENTITLEMENTS = IELTSGlance/IELTSGlance.entitlements;
				CODE_SIGN_STYLE = Automatic;
				COMBINE_HIDPI_IMAGES = YES;
				CURRENT_PROJECT_VERSION = 10;
				DEVELOPMENT_TEAM = 4K2JSG2D39;
				ENABLE_APP_SANDBOX = YES;
				ENABLE_HARDENED_RUNTIME = YES;
				ENABLE_PREVIEWS = YES;
				ENABLE_USER_SELECTED_FILES = readonly;
				GENERATE_INFOPLIST_FILE = YES;
				INFOPLIST_KEY_CFBundleDisplayName = "IELTS Glance";
				INFOPLIST_KEY_NSHumanReadableCopyright = "";
				LD_RUNPATH_SEARCH_PATHS = (
					"$(inherited)",
					"@executable_path/../Frameworks",
				);
				MARKETING_VERSION = 2.0.2;
				PRODUCT_BUNDLE_IDENTIFIER = com.bingxuhou.GREGlance;
				PRODUCT_NAME = "$(TARGET_NAME)";
				STRING_CATALOG_GENERATE_SYMBOLS = YES;
				SWIFT_APPROACHABLE_CONCURRENCY = YES;
				SWIFT_DEFAULT_ACTOR_ISOLATION = MainActor;
				SWIFT_EMIT_LOC_STRINGS = YES;
				SWIFT_UPCOMING_FEATURE_MEMBER_IMPORT_VISIBILITY = YES;
				SWIFT_VERSION = 5.0;
			};
			name = Release;
		};
		CDD01C0730084A3900850940 /* Debug */ = {
			isa = XCBuildConfiguration;
			buildSettings = {
				ASSETCATALOG_COMPILER_GLOBAL_ACCENT_COLOR_NAME = AccentColor;
				ASSETCATALOG_COMPILER_WIDGET_BACKGROUND_COLOR_NAME = WidgetBackground;
				CODE_SIGN_ENTITLEMENTS = IELTSGlanceWidget/IELTSGlanceWidget.entitlements;
				CODE_SIGN_STYLE = Automatic;
				CURRENT_PROJECT_VERSION = 10;
				DEVELOPMENT_TEAM = 4K2JSG2D39;
				ENABLE_APP_SANDBOX = YES;
				ENABLE_HARDENED_RUNTIME = YES;
				GENERATE_INFOPLIST_FILE = YES;
				INFOPLIST_FILE = IELTSGlanceWidget/Info.plist;
				INFOPLIST_KEY_CFBundleDisplayName = "IELTS Glance";
				INFOPLIST_KEY_NSHumanReadableCopyright = "";
				LD_RUNPATH_SEARCH_PATHS = (
					"$(inherited)",
					"@executable_path/../Frameworks",
					"@executable_path/../../../../Frameworks",
				);
				MACOSX_DEPLOYMENT_TARGET = 26.2;
				MARKETING_VERSION = 2.0.2;
				PRODUCT_BUNDLE_IDENTIFIER = com.bingxuhou.GREGlance.GREGlanceWidget;
				PRODUCT_NAME = "$(TARGET_NAME)";
				SKIP_INSTALL = YES;
				STRING_CATALOG_GENERATE_SYMBOLS = YES;
				SWIFT_APPROACHABLE_CONCURRENCY = YES;
				SWIFT_EMIT_LOC_STRINGS = YES;
				SWIFT_UPCOMING_FEATURE_MEMBER_IMPORT_VISIBILITY = YES;
				SWIFT_VERSION = 5.0;
			};
			name = Debug;
		};
		CDD01C0830084A3900850940 /* Release */ = {
			isa = XCBuildConfiguration;
			buildSettings = {
				ASSETCATALOG_COMPILER_GLOBAL_ACCENT_COLOR_NAME = AccentColor;
				ASSETCATALOG_COMPILER_WIDGET_BACKGROUND_COLOR_NAME = WidgetBackground;
				CODE_SIGN_ENTITLEMENTS = IELTSGlanceWidget/IELTSGlanceWidget.entitlements;
				CODE_SIGN_STYLE = Automatic;
				CURRENT_PROJECT_VERSION = 10;
				DEVELOPMENT_TEAM = 4K2JSG2D39;
				ENABLE_APP_SANDBOX = YES;
				ENABLE_HARDENED_RUNTIME = YES;
				GENERATE_INFOPLIST_FILE = YES;
				INFOPLIST_FILE = IELTSGlanceWidget/Info.plist;
				INFOPLIST_KEY_CFBundleDisplayName = "IELTS Glance";
				INFOPLIST_KEY_NSHumanReadableCopyright = "";
				LD_RUNPATH_SEARCH_PATHS = (
					"$(inherited)",
					"@executable_path/../Frameworks",
					"@executable_path/../../../../Frameworks",
				);
				MACOSX_DEPLOYMENT_TARGET = 26.2;
				MARKETING_VERSION = 2.0.2;
				PRODUCT_BUNDLE_IDENTIFIER = com.bingxuhou.GREGlance.GREGlanceWidget;
				PRODUCT_NAME = "$(TARGET_NAME)";
				SKIP_INSTALL = YES;
				STRING_CATALOG_GENERATE_SYMBOLS = YES;
				SWIFT_APPROACHABLE_CONCURRENCY = YES;
				SWIFT_EMIT_LOC_STRINGS = YES;
				SWIFT_UPCOMING_FEATURE_MEMBER_IMPORT_VISIBILITY = YES;
				SWIFT_VERSION = 5.0;
			};
			name = Release;
		};
/* End XCBuildConfiguration section */

/* Begin XCConfigurationList section */
		A10000170000000000000001 /* Build configuration list for PBXNativeTarget "IELTSGlanceTests" */ = {
			isa = XCConfigurationList;
			buildConfigurations = (
				A100001B0000000000000001 /* Debug */,
				A100001C0000000000000001 /* Release */,
			);
			defaultConfigurationIsVisible = 0;
			defaultConfigurationName = Release;
		};
		CDD01BD93008495400850940 /* Build configuration list for PBXProject "IELTSGlance" */ = {
			isa = XCConfigurationList;
			buildConfigurations = (
				CDD01BE73008495600850940 /* Debug */,
				CDD01BE83008495600850940 /* Release */,
			);
			defaultConfigurationIsVisible = 0;
			defaultConfigurationName = Release;
		};
		CDD01BE93008495600850940 /* Build configuration list for PBXNativeTarget "IELTSGlance" */ = {
			isa = XCConfigurationList;
			buildConfigurations = (
				CDD01BEA3008495600850940 /* Debug */,
				CDD01BEB3008495600850940 /* Release */,
			);
			defaultConfigurationIsVisible = 0;
			defaultConfigurationName = Release;
		};
		CDD01C0630084A3900850940 /* Build configuration list for PBXNativeTarget "IELTSGlanceWidgetExtension" */ = {
			isa = XCConfigurationList;
			buildConfigurations = (
				CDD01C0730084A3900850940 /* Debug */,
				CDD01C0830084A3900850940 /* Release */,
			);
			defaultConfigurationIsVisible = 0;
			defaultConfigurationName = Release;
		};
/* End XCConfigurationList section */
	};
	rootObject = CDD01BD63008495400850940 /* Project object */;
}
